
Microsoft Visual Studio Solution File, Format Version 12.00
# Visual Studio Version 17
VisualStudioVersion = 17.2.32616.157
MinimumVisualStudioVersion = 10.0.40219.1
Project("{9A19103F-16F7-4668-BE54-9A1E7A4F7556}") = "Eshop.API", "Eshop.API\Eshop.API.csproj", "{E53459CB-E664-4FFC-8116-77BD4CE2A7E6}"
EndProject
Project("{FAE04EC0-301F-11D3-BF4B-00C04F79EFBC}") = "Eshop.BLL", "Eshop.BLL\Eshop.BLL.csproj", "{094F25E5-8FD9-46F3-96A3-CB9FECD76CC3}"
EndProject
Project("{FAE04EC0-301F-11D3-BF4B-00C04F79EFBC}") = "Eshop.DAL", "Eshop.DAL\Eshop.DAL.csproj", "{59D8E87A-50ED-449E-8C7E-FC3B6543D8B9}"
EndProject
Global
	GlobalSection(SolutionConfigurationPlatforms) = preSolution
		Debug|Any CPU = Debug|Any CPU
		Release|Any CPU = Release|Any CPU
	EndGlobalSection
	GlobalSection(ProjectConfigurationPlatforms) = postSolution
		{E53459CB-E664-4FFC-8116-77BD4CE2A7E6}.Debug|Any CPU.ActiveCfg = Debug|Any CPU
		{E53459CB-E664-4FFC-8116-77BD4CE2A7E6}.Debug|Any CPU.Build.0 = Debug|Any CPU
		{E53459CB-E664-4FFC-8116-77BD4CE2A7E6}.Release|Any CPU.ActiveCfg = Release|Any CPU
		{E53459CB-E664-4FFC-8116-77BD4CE2A7E6}.Release|Any CPU.Build.0 = Release|Any CPU
		{094F25E5-8FD9-46F3-96A3-CB9FECD76CC3}.Debug|Any CPU.ActiveCfg = Debug|Any CPU
		{094F25E5-8FD9-46F3-96A3-CB9FECD76CC3}.Debug|Any CPU.Build.0 = Debug|Any CPU
		{094F25E5-8FD9-46F3-96A3-CB9FECD76CC3}.Release|Any CPU.ActiveCfg = Release|Any CPU
		{094F25E5-8FD9-46F3-96A3-CB9FECD76CC3}.Release|Any CPU.Build.0 = Release|Any CPU
		{59D8E87A-50ED-449E-8C7E-FC3B6543D8B9}.Debug|Any CPU.ActiveCfg = Debug|Any CPU
		{59D8E87A-50ED-449E-8C7E-FC3B6543D8B9}.Debug|Any CPU.Build.0 = Debug|Any CPU
		{59D8E87A-50ED-449E-8C7E-FC3B6543D8B9}.Release|Any CPU.ActiveCfg = Release|Any CPU
		{59D8E87A-50ED-449E-8C7E-FC3B6543D8B9}.Release|Any CPU.Build.0 = Release|Any CPU
	EndGlobalSection
	GlobalSection(SolutionProperties) = preSolution
		HideSolutionNode = FALSE
	EndGlobalSection
	GlobalSection(ExtensibilityGlobals) = postSolution
		SolutionGuid = {EC25EEB0-B778-4271-957F-3F6B59909107}
	EndGlobalSection
EndGlobal
